
Microsoft Visual Studio Solution File, Format Version 12.00
# Visual Studio Version 17
VisualStudioVersion = 17.2.32630.192
MinimumVisualStudioVersion = 10.0.40219.1
Project("{FAE04EC0-301F-11D3-BF4B-00C04F79EFBC}") = "WoodPelletsLib", "WoodPelletsLib\WoodPelletsLib.csproj", "{2B2807B8-4728-4FDA-92ED-58F60A90BD91}"
EndProject
Project("{FAE04EC0-301F-11D3-BF4B-00C04F79EFBC}") = "WoodPelletsLibTests", "WoodPelletsLibTests\WoodPelletsLibTests.csproj", "{38F87DE4-7CAE-4BD5-AB6D-0150124E07A0}"
EndProject
Global
	GlobalSection(SolutionConfigurationPlatforms) = preSolution
		Debug|Any CPU = Debug|Any CPU
		Release|Any CPU = Release|Any CPU
	EndGlobalSection
	GlobalSection(ProjectConfigurationPlatforms) = postSolution
		{2B2807B8-4728-4FDA-92ED-58F60A90BD91}.Debug|Any CPU.ActiveCfg = Debug|Any CPU
		{2B2807B8-4728-4FDA-92ED-58F60A90BD91}.Debug|Any CPU.Build.0 = Debug|Any CPU
		{2B2807B8-4728-4FDA-92ED-58F60A90BD91}.Release|Any CPU.ActiveCfg = Release|Any CPU
		{2B2807B8-4728-4FDA-92ED-58F60A90BD91}.Release|Any CPU.Build.0 = Release|Any CPU
		{38F87DE4-7CAE-4BD5-AB6D-0150124E07A0}.Debug|Any CPU.ActiveCfg = Debug|Any CPU
		{38F87DE4-7CAE-4BD5-AB6D-0150124E07A0}.Debug|Any CPU.Build.0 = Debug|Any CPU
		{38F87DE4-7CAE-4BD5-AB6D-0150124E07A0}.Release|Any CPU.ActiveCfg = Release|Any CPU
		{38F87DE4-7CAE-4BD5-AB6D-0150124E07A0}.Release|Any CPU.Build.0 = Release|Any CPU
	EndGlobalSection
	GlobalSection(SolutionProperties) = preSolution
		HideSolutionNode = FALSE
	EndGlobalSection
	GlobalSection(ExtensibilityGlobals) = postSolution
		SolutionGuid = {EEBD15CB-3DD6-4A37-AAE0-3ADBD196707B}
	EndGlobalSection
EndGlobal
